
Microsoft Visual Studio Solution File, Format Version 12.00
# Visual Studio 15
VisualStudioVersion = 15.0.27130.2003
MinimumVisualStudioVersion = 10.0.40219.1
Project("{FAE04EC0-301F-11D3-BF4B-00C04F79EFBC}") = "Simple-Html", "Simple-Html\Simple-Html.csproj", "{A9A797F7-2C15-4D09-9357-AD5150B380D1}"
EndProject
Project("{2150E333-8FDC-42A3-9474-1A3956D46DE8}") = "AppWeb", "AppWeb", "{BDAA6EDC-8A2A-492A-A50A-8C32C05D70D8}"
EndProject
Project("{FAE04EC0-301F-11D3-BF4B-00C04F79EFBC}") = "WebForm", "WebForm\WebForm.csproj", "{7708999D-599B-4933-A5BF-1431FE695E24}"
EndProject
Project("{FAE04EC0-301F-11D3-BF4B-00C04F79EFBC}") = "ASPNetMVC", "ASPNetMVC\ASPNetMVC.csproj", "{816206BA-A0A5-4ACC-8E2E-DE2022D68C08}"
EndProject
Project("{FAE04EC0-301F-11D3-BF4B-00C04F79EFBC}") = "SimpleJS", "SimpleJS\SimpleJS.csproj", "{F6B46A93-72F2-4A39-A061-4DA4CEDCD337}"
EndProject
Project("{FAE04EC0-301F-11D3-BF4B-00C04F79EFBC}") = "SimpleJQuery", "SimpleJQuery\SimpleJQuery.csproj", "{B93090B5-6640-473C-A469-2E8EB9DF60E4}"
EndProject
Project("{FAE04EC0-301F-11D3-BF4B-00C04F79EFBC}") = "Formulaire", "Formulaire\Formulaire.csproj", "{3A8068A8-60C2-4704-B137-7C6050DE612E}"
EndProject
Project("{FAE04EC0-301F-11D3-BF4B-00C04F79EFBC}") = "XmlHttp", "XmlHttp\XmlHttp.csproj", "{4D492B0E-F403-4074-ABFE-9C0C9A5DE139}"
EndProject
Project("{FAE04EC0-301F-11D3-BF4B-00C04F79EFBC}") = "CssAvance", "CssAvance\CssAvance.csproj", "{257A4C54-86F6-4D8C-A4BC-16C0D938CD20}"
EndProject
Project("{FAE04EC0-301F-11D3-BF4B-00C04F79EFBC}") = "XmlHttp_1", "XmlHttp_1\XmlHttp_1.csproj", "{59A73A1E-A751-464D-93C3-54EC71476677}"
EndProject
Project("{FAE04EC0-301F-11D3-BF4B-00C04F79EFBC}") = "JsAvance", "JsAvance\JsAvance.csproj", "{38EC14AF-B724-4D47-928B-1A2A46EEB3CA}"
EndProject
Project("{FAE04EC0-301F-11D3-BF4B-00C04F79EFBC}") = "Html5API", "Html5API\Html5API.csproj", "{5845EDF7-1008-4C56-A5CB-79DD63593511}"
EndProject
Project("{FAE04EC0-301F-11D3-BF4B-00C04F79EFBC}") = "storageOffline", "storageOffline\storageOffline.csproj", "{49B04843-2C43-40A4-88BF-806548793B23}"
EndProject
Project("{FAE04EC0-301F-11D3-BF4B-00C04F79EFBC}") = "Animation", "Animation\Animation.csproj", "{62FC9E8B-77BF-4E46-894F-03C6D4D5B102}"
EndProject
Project("{FAE04EC0-301F-11D3-BF4B-00C04F79EFBC}") = "SvgCanvas", "SvgCanvas\SvgCanvas.csproj", "{9A668416-2BFF-40D7-B76D-7D6C4D807300}"
EndProject
Project("{FAE04EC0-301F-11D3-BF4B-00C04F79EFBC}") = "WebSocket", "WebSocket\WebSocket.csproj", "{7ABE0703-E791-4474-B1A8-B0289073F708}"
EndProject
Project("{FAE04EC0-301F-11D3-BF4B-00C04F79EFBC}") = "WebWorker", "WebWorker\WebWorker.csproj", "{2D7F615B-7405-4DF8-836A-7C74CE2A1D70}"
EndProject
Project("{FAE04EC0-301F-11D3-BF4B-00C04F79EFBC}") = "Exos", "Exos\Exos.csproj", "{31CB1880-88C2-41E0-B212-602E189403BB}"
EndProject
Global
	GlobalSection(SolutionConfigurationPlatforms) = preSolution
		Debug|Any CPU = Debug|Any CPU
		Release|Any CPU = Release|Any CPU
	EndGlobalSection
	GlobalSection(ProjectConfigurationPlatforms) = postSolution
		{A9A797F7-2C15-4D09-9357-AD5150B380D1}.Debug|Any CPU.ActiveCfg = Debug|Any CPU
		{A9A797F7-2C15-4D09-9357-AD5150B380D1}.Debug|Any CPU.Build.0 = Debug|Any CPU
		{A9A797F7-2C15-4D09-9357-AD5150B380D1}.Release|Any CPU.ActiveCfg = Release|Any CPU
		{A9A797F7-2C15-4D09-9357-AD5150B380D1}.Release|Any CPU.Build.0 = Release|Any CPU
		{7708999D-599B-4933-A5BF-1431FE695E24}.Debug|Any CPU.ActiveCfg = Debug|Any CPU
		{7708999D-599B-4933-A5BF-1431FE695E24}.Debug|Any CPU.Build.0 = Debug|Any CPU
		{7708999D-599B-4933-A5BF-1431FE695E24}.Release|Any CPU.ActiveCfg = Release|Any CPU
		{7708999D-599B-4933-A5BF-1431FE695E24}.Release|Any CPU.Build.0 = Release|Any CPU
		{816206BA-A0A5-4ACC-8E2E-DE2022D68C08}.Debug|Any CPU.ActiveCfg = Debug|Any CPU
		{816206BA-A0A5-4ACC-8E2E-DE2022D68C08}.Debug|Any CPU.Build.0 = Debug|Any CPU
		{816206BA-A0A5-4ACC-8E2E-DE2022D68C08}.Release|Any CPU.ActiveCfg = Release|Any CPU
		{816206BA-A0A5-4ACC-8E2E-DE2022D68C08}.Release|Any CPU.Build.0 = Release|Any CPU
		{F6B46A93-72F2-4A39-A061-4DA4CEDCD337}.Debug|Any CPU.ActiveCfg = Debug|Any CPU
		{F6B46A93-72F2-4A39-A061-4DA4CEDCD337}.Debug|Any CPU.Build.0 = Debug|Any CPU
		{F6B46A93-72F2-4A39-A061-4DA4CEDCD337}.Release|Any CPU.ActiveCfg = Release|Any CPU
		{F6B46A93-72F2-4A39-A061-4DA4CEDCD337}.Release|Any CPU.Build.0 = Release|Any CPU
		{B93090B5-6640-473C-A469-2E8EB9DF60E4}.Debug|Any CPU.ActiveCfg = Debug|Any CPU
		{B93090B5-6640-473C-A469-2E8EB9DF60E4}.Debug|Any CPU.Build.0 = Debug|Any CPU
		{B93090B5-6640-473C-A469-2E8EB9DF60E4}.Release|Any CPU.ActiveCfg = Release|Any CPU
		{B93090B5-6640-473C-A469-2E8EB9DF60E4}.Release|Any CPU.Build.0 = Release|Any CPU
		{3A8068A8-60C2-4704-B137-7C6050DE612E}.Debug|Any CPU.ActiveCfg = Debug|Any CPU
		{3A8068A8-60C2-4704-B137-7C6050DE612E}.Debug|Any CPU.Build.0 = Debug|Any CPU
		{3A8068A8-60C2-4704-B137-7C6050DE612E}.Release|Any CPU.ActiveCfg = Release|Any CPU
		{3A8068A8-60C2-4704-B137-7C6050DE612E}.Release|Any CPU.Build.0 = Release|Any CPU
		{4D492B0E-F403-4074-ABFE-9C0C9A5DE139}.Debug|Any CPU.ActiveCfg = Debug|Any CPU
		{4D492B0E-F403-4074-ABFE-9C0C9A5DE139}.Debug|Any CPU.Build.0 = Debug|Any CPU
		{4D492B0E-F403-4074-ABFE-9C0C9A5DE139}.Release|Any CPU.ActiveCfg = Release|Any CPU
		{4D492B0E-F403-4074-ABFE-9C0C9A5DE139}.Release|Any CPU.Build.0 = Release|Any CPU
		{257A4C54-86F6-4D8C-A4BC-16C0D938CD20}.Debug|Any CPU.ActiveCfg = Debug|Any CPU
		{257A4C54-86F6-4D8C-A4BC-16C0D938CD20}.Debug|Any CPU.Build.0 = Debug|Any CPU
		{257A4C54-86F6-4D8C-A4BC-16C0D938CD20}.Release|Any CPU.ActiveCfg = Release|Any CPU
		{257A4C54-86F6-4D8C-A4BC-16C0D938CD20}.Release|Any CPU.Build.0 = Release|Any CPU
		{59A73A1E-A751-464D-93C3-54EC71476677}.Debug|Any CPU.ActiveCfg = Debug|Any CPU
		{59A73A1E-A751-464D-93C3-54EC71476677}.Debug|Any CPU.Build.0 = Debug|Any CPU
		{59A73A1E-A751-464D-93C3-54EC71476677}.Release|Any CPU.ActiveCfg = Release|Any CPU
		{59A73A1E-A751-464D-93C3-54EC71476677}.Release|Any CPU.Build.0 = Release|Any CPU
		{38EC14AF-B724-4D47-928B-1A2A46EEB3CA}.Debug|Any CPU.ActiveCfg = Debug|Any CPU
		{38EC14AF-B724-4D47-928B-1A2A46EEB3CA}.Debug|Any CPU.Build.0 = Debug|Any CPU
		{38EC14AF-B724-4D47-928B-1A2A46EEB3CA}.Release|Any CPU.ActiveCfg = Release|Any CPU
		{38EC14AF-B724-4D47-928B-1A2A46EEB3CA}.Release|Any CPU.Build.0 = Release|Any CPU
		{5845EDF7-1008-4C56-A5CB-79DD63593511}.Debug|Any CPU.ActiveCfg = Debug|Any CPU
		{5845EDF7-1008-4C56-A5CB-79DD63593511}.Debug|Any CPU.Build.0 = Debug|Any CPU
		{5845EDF7-1008-4C56-A5CB-79DD63593511}.Release|Any CPU.ActiveCfg = Release|Any CPU
		{5845EDF7-1008-4C56-A5CB-79DD63593511}.Release|Any CPU.Build.0 = Release|Any CPU
		{49B04843-2C43-40A4-88BF-806548793B23}.Debug|Any CPU.ActiveCfg = Debug|Any CPU
		{49B04843-2C43-40A4-88BF-806548793B23}.Debug|Any CPU.Build.0 = Debug|Any CPU
		{49B04843-2C43-40A4-88BF-806548793B23}.Release|Any CPU.ActiveCfg = Release|Any CPU
		{49B04843-2C43-40A4-88BF-806548793B23}.Release|Any CPU.Build.0 = Release|Any CPU
		{62FC9E8B-77BF-4E46-894F-03C6D4D5B102}.Debug|Any CPU.ActiveCfg = Debug|Any CPU
		{62FC9E8B-77BF-4E46-894F-03C6D4D5B102}.Debug|Any CPU.Build.0 = Debug|Any CPU
		{62FC9E8B-77BF-4E46-894F-03C6D4D5B102}.Release|Any CPU.ActiveCfg = Release|Any CPU
		{62FC9E8B-77BF-4E46-894F-03C6D4D5B102}.Release|Any CPU.Build.0 = Release|Any CPU
		{9A668416-2BFF-40D7-B76D-7D6C4D807300}.Debug|Any CPU.ActiveCfg = Debug|Any CPU
		{9A668416-2BFF-40D7-B76D-7D6C4D807300}.Debug|Any CPU.Build.0 = Debug|Any CPU
		{9A668416-2BFF-40D7-B76D-7D6C4D807300}.Release|Any CPU.ActiveCfg = Release|Any CPU
		{9A668416-2BFF-40D7-B76D-7D6C4D807300}.Release|Any CPU.Build.0 = Release|Any CPU
		{7ABE0703-E791-4474-B1A8-B0289073F708}.Debug|Any CPU.ActiveCfg = Debug|Any CPU
		{7ABE0703-E791-4474-B1A8-B0289073F708}.Debug|Any CPU.Build.0 = Debug|Any CPU
		{7ABE0703-E791-4474-B1A8-B0289073F708}.Release|Any CPU.ActiveCfg = Release|Any CPU
		{7ABE0703-E791-4474-B1A8-B0289073F708}.Release|Any CPU.Build.0 = Release|Any CPU
		{2D7F615B-7405-4DF8-836A-7C74CE2A1D70}.Debug|Any CPU.ActiveCfg = Debug|Any CPU
		{2D7F615B-7405-4DF8-836A-7C74CE2A1D70}.Debug|Any CPU.Build.0 = Debug|Any CPU
		{2D7F615B-7405-4DF8-836A-7C74CE2A1D70}.Release|Any CPU.ActiveCfg = Release|Any CPU
		{2D7F615B-7405-4DF8-836A-7C74CE2A1D70}.Release|Any CPU.Build.0 = Release|Any CPU
		{31CB1880-88C2-41E0-B212-602E189403BB}.Debug|Any CPU.ActiveCfg = Debug|Any CPU
		{31CB1880-88C2-41E0-B212-602E189403BB}.Debug|Any CPU.Build.0 = Debug|Any CPU
		{31CB1880-88C2-41E0-B212-602E189403BB}.Release|Any CPU.ActiveCfg = Release|Any CPU
		{31CB1880-88C2-41E0-B212-602E189403BB}.Release|Any CPU.Build.0 = Release|Any CPU
	EndGlobalSection
	GlobalSection(SolutionProperties) = preSolution
		HideSolutionNode = FALSE
	EndGlobalSection
	GlobalSection(NestedProjects) = preSolution
		{7708999D-599B-4933-A5BF-1431FE695E24} = {BDAA6EDC-8A2A-492A-A50A-8C32C05D70D8}
		{816206BA-A0A5-4ACC-8E2E-DE2022D68C08} = {BDAA6EDC-8A2A-492A-A50A-8C32C05D70D8}
	EndGlobalSection
	GlobalSection(ExtensibilityGlobals) = postSolution
		SolutionGuid = {80D3506F-648C-40A1-9350-B8449762D966}
	EndGlobalSection
EndGlobal
