
Microsoft Visual Studio Solution File, Format Version 12.00
# Visual Studio 15
VisualStudioVersion = 15.0.27130.2003
MinimumVisualStudioVersion = 10.0.40219.1
Project("{FAE04EC0-301F-11D3-BF4B-00C04F79EFBC}") = "Simple-Html", "Simple-Html\Simple-Html.csproj", "{A9A797F7-2C15-4D09-9357-AD5150B380D1}"
EndProject
Project("{2150E333-8FDC-42A3-9474-1A3956D46DE8}") = "AppWeb", "AppWeb", "{BDAA6EDC-8A2A-492A-A50A-8C32C05D70D8}"
EndProject
Project("{FAE04EC0-301F-11D3-BF4B-00C04F79EFBC}") = "WebForm", "WebForm\WebForm.csproj", "{7708999D-599B-4933-A5BF-1431FE695E24}"
EndProject
Project("{FAE04EC0-301F-11D3-BF4B-00C04F79EFBC}") = "ASPNetMVC", "ASPNetMVC\ASPNetMVC.csproj", "{816206BA-A0A5-4ACC-8E2E-DE2022D68C08}"
EndProject
Project("{FAE04EC0-301F-11D3-BF4B-00C04F79EFBC}") = "SimpleJS", "SimpleJS\SimpleJS.csproj", "{F6B46A93-72F2-4A39-A061-4DA4CEDCD337}"
EndProject
Project("{FAE04EC0-301F-11D3-BF4B-00C04F79EFBC}") = "SimpleJQuery", "SimpleJQuery\SimpleJQuery.csproj", "{B93090B5-6640-473C-A469-2E8EB9DF60E4}"
EndProject
Project("{FAE04EC0-301F-11D3-BF4B-00C04F79EFBC}") = "Formulaire", "Formulaire\Formulaire.csproj", "{3A8068A8-60C2-4704-B137-7C6050DE612E}"
EndProject
Project("{FAE04EC0-301F-11D3-BF4B-00C04F79EFBC}") = "XmlHttp", "XmlHttp\XmlHttp.csproj", "{4D492B0E-F403-4074-ABFE-9C0C9A5DE139}"
EndProject
Project("{FAE04EC0-301F-11D3-BF4B-00C04F79EFBC}") = "CssAvance", "CssAvance\CssAvance.csproj", "{257A4C54-86F6-4D8C-A4BC-16C0D938CD20}"
EndProject
Project("{FAE04EC0-301F-11D3-BF4B-00C04F79EFBC}") = "XmlHttp_1", "XmlHttp_1\XmlHttp_1.csproj", "{59A73A1E-A751-464D-93C3-54EC71476677}"
EndProject
Project("{FAE04EC0-301F-11D3-BF4B-00C04F79EFBC}") = "JsAvance", "JsAvance\JsAvance.csproj", "{38EC14AF-B724-4D47-928B-1A2A46EEB3CA}"
EndProject
Project("{FAE04EC0-301F-11D3-BF4B-00C04F79EFBC}") = "Html5API", "Html5API\Html5API.csproj", "{EEA28C4D-BC87-402C-B666-D9EDC119D9BA}"
EndProject
Project("{FAE04EC0-301F-11D3-BF4B-00C04F79EFBC}") = "storageOffline", "storageOffline\storageOffline.csproj", "{C2F85F02-4EEA-43FD-9747-AB8F1857927F}"
EndProject
Project("{FAE04EC0-301F-11D3-BF4B-00C04F79EFBC}") = "Exercise", "Exercise\Exercise.csproj", "{3C361BCB-5C10-4D8E-B565-343274F587F7}"
EndProject
Global
	GlobalSection(SolutionConfigurationPlatforms) = preSolution
		Debug|Any CPU = Debug|Any CPU
		Release|Any CPU = Release|Any CPU
	EndGlobalSection
	GlobalSection(ProjectConfigurationPlatforms) = postSolution
		{A9A797F7-2C15-4D09-9357-AD5150B380D1}.Debug|Any CPU.ActiveCfg = Debug|Any CPU
		{A9A797F7-2C15-4D09-9357-AD5150B380D1}.Debug|Any CPU.Build.0 = Debug|Any CPU
		{A9A797F7-2C15-4D09-9357-AD5150B380D1}.Release|Any CPU.ActiveCfg = Release|Any CPU
		{A9A797F7-2C15-4D09-9357-AD5150B380D1}.Release|Any CPU.Build.0 = Release|Any CPU
		{7708999D-599B-4933-A5BF-1431FE695E24}.Debug|Any CPU.ActiveCfg = Debug|Any CPU
		{7708999D-599B-4933-A5BF-1431FE695E24}.Debug|Any CPU.Build.0 = Debug|Any CPU
		{7708999D-599B-4933-A5BF-1431FE695E24}.Release|Any CPU.ActiveCfg = Release|Any CPU
		{7708999D-599B-4933-A5BF-1431FE695E24}.Release|Any CPU.Build.0 = Release|Any CPU
		{816206BA-A0A5-4ACC-8E2E-DE2022D68C08}.Debug|Any CPU.ActiveCfg = Debug|Any CPU
		{816206BA-A0A5-4ACC-8E2E-DE2022D68C08}.Debug|Any CPU.Build.0 = Debug|Any CPU
		{816206BA-A0A5-4ACC-8E2E-DE2022D68C08}.Release|Any CPU.ActiveCfg = Release|Any CPU
		{816206BA-A0A5-4ACC-8E2E-DE2022D68C08}.Release|Any CPU.Build.0 = Release|Any CPU
		{F6B46A93-72F2-4A39-A061-4DA4CEDCD337}.Debug|Any CPU.ActiveCfg = Debug|Any CPU
		{F6B46A93-72F2-4A39-A061-4DA4CEDCD337}.Debug|Any CPU.Build.0 = Debug|Any CPU
		{F6B46A93-72F2-4A39-A061-4DA4CEDCD337}.Release|Any CPU.ActiveCfg = Release|Any CPU
		{F6B46A93-72F2-4A39-A061-4DA4CEDCD337}.Release|Any CPU.Build.0 = Release|Any CPU
		{B93090B5-6640-473C-A469-2E8EB9DF60E4}.Debug|Any CPU.ActiveCfg = Debug|Any CPU
		{B93090B5-6640-473C-A469-2E8EB9DF60E4}.Debug|Any CPU.Build.0 = Debug|Any CPU
		{B93090B5-6640-473C-A469-2E8EB9DF60E4}.Release|Any CPU.ActiveCfg = Release|Any CPU
		{B93090B5-6640-473C-A469-2E8EB9DF60E4}.Release|Any CPU.Build.0 = Release|Any CPU
		{3A8068A8-60C2-4704-B137-7C6050DE612E}.Debug|Any CPU.ActiveCfg = Debug|Any CPU
		{3A8068A8-60C2-4704-B137-7C6050DE612E}.Debug|Any CPU.Build.0 = Debug|Any CPU
		{3A8068A8-60C2-4704-B137-7C6050DE612E}.Release|Any CPU.ActiveCfg = Release|Any CPU
		{3A8068A8-60C2-4704-B137-7C6050DE612E}.Release|Any CPU.Build.0 = Release|Any CPU
		{4D492B0E-F403-4074-ABFE-9C0C9A5DE139}.Debug|Any CPU.ActiveCfg = Debug|Any CPU
		{4D492B0E-F403-4074-ABFE-9C0C9A5DE139}.Debug|Any CPU.Build.0 = Debug|Any CPU
		{4D492B0E-F403-4074-ABFE-9C0C9A5DE139}.Release|Any CPU.ActiveCfg = Release|Any CPU
		{4D492B0E-F403-4074-ABFE-9C0C9A5DE139}.Release|Any CPU.Build.0 = Release|Any CPU
		{257A4C54-86F6-4D8C-A4BC-16C0D938CD20}.Debug|Any CPU.ActiveCfg = Debug|Any CPU
		{257A4C54-86F6-4D8C-A4BC-16C0D938CD20}.Debug|Any CPU.Build.0 = Debug|Any CPU
		{257A4C54-86F6-4D8C-A4BC-16C0D938CD20}.Release|Any CPU.ActiveCfg = Release|Any CPU
		{257A4C54-86F6-4D8C-A4BC-16C0D938CD20}.Release|Any CPU.Build.0 = Release|Any CPU
		{59A73A1E-A751-464D-93C3-54EC71476677}.Debug|Any CPU.ActiveCfg = Debug|Any CPU
		{59A73A1E-A751-464D-93C3-54EC71476677}.Debug|Any CPU.Build.0 = Debug|Any CPU
		{59A73A1E-A751-464D-93C3-54EC71476677}.Release|Any CPU.ActiveCfg = Release|Any CPU
		{59A73A1E-A751-464D-93C3-54EC71476677}.Release|Any CPU.Build.0 = Release|Any CPU
		{38EC14AF-B724-4D47-928B-1A2A46EEB3CA}.Debug|Any CPU.ActiveCfg = Debug|Any CPU
		{38EC14AF-B724-4D47-928B-1A2A46EEB3CA}.Debug|Any CPU.Build.0 = Debug|Any CPU
		{38EC14AF-B724-4D47-928B-1A2A46EEB3CA}.Release|Any CPU.ActiveCfg = Release|Any CPU
		{38EC14AF-B724-4D47-928B-1A2A46EEB3CA}.Release|Any CPU.Build.0 = Release|Any CPU
		{EEA28C4D-BC87-402C-B666-D9EDC119D9BA}.Debug|Any CPU.ActiveCfg = Debug|Any CPU
		{EEA28C4D-BC87-402C-B666-D9EDC119D9BA}.Debug|Any CPU.Build.0 = Debug|Any CPU
		{EEA28C4D-BC87-402C-B666-D9EDC119D9BA}.Release|Any CPU.ActiveCfg = Release|Any CPU
		{EEA28C4D-BC87-402C-B666-D9EDC119D9BA}.Release|Any CPU.Build.0 = Release|Any CPU
		{C2F85F02-4EEA-43FD-9747-AB8F1857927F}.Debug|Any CPU.ActiveCfg = Debug|Any CPU
		{C2F85F02-4EEA-43FD-9747-AB8F1857927F}.Debug|Any CPU.Build.0 = Debug|Any CPU
		{C2F85F02-4EEA-43FD-9747-AB8F1857927F}.Release|Any CPU.ActiveCfg = Release|Any CPU
		{C2F85F02-4EEA-43FD-9747-AB8F1857927F}.Release|Any CPU.Build.0 = Release|Any CPU
		{3C361BCB-5C10-4D8E-B565-343274F587F7}.Debug|Any CPU.ActiveCfg = Debug|Any CPU
		{3C361BCB-5C10-4D8E-B565-343274F587F7}.Debug|Any CPU.Build.0 = Debug|Any CPU
		{3C361BCB-5C10-4D8E-B565-343274F587F7}.Release|Any CPU.ActiveCfg = Release|Any CPU
		{3C361BCB-5C10-4D8E-B565-343274F587F7}.Release|Any CPU.Build.0 = Release|Any CPU
	EndGlobalSection
	GlobalSection(SolutionProperties) = preSolution
		HideSolutionNode = FALSE
	EndGlobalSection
	GlobalSection(NestedProjects) = preSolution
		{7708999D-599B-4933-A5BF-1431FE695E24} = {BDAA6EDC-8A2A-492A-A50A-8C32C05D70D8}
		{816206BA-A0A5-4ACC-8E2E-DE2022D68C08} = {BDAA6EDC-8A2A-492A-A50A-8C32C05D70D8}
	EndGlobalSection
	GlobalSection(ExtensibilityGlobals) = postSolution
		SolutionGuid = {80D3506F-648C-40A1-9350-B8449762D966}
	EndGlobalSection
EndGlobal
